
Microsoft Visual Studio Solution File, Format Version 12.00
# Visual Studio Version 16
VisualStudioVersion = 16.0.30907.101
MinimumVisualStudioVersion = 10.0.40219.1
Project("{9A19103F-16F7-4668-BE54-9A1E7A4F7556}") = "Entities", "Entities\Entities.csproj", "{578FA859-2D93-47A1-91D7-753ABD84E6F8}"
EndProject
Project("{9A19103F-16F7-4668-BE54-9A1E7A4F7556}") = "DataAccess", "DataAccess\DataAccess.csproj", "{AFF0F81F-4C77-4BCA-96BA-1C80858EDFEF}"
EndProject
Project("{9A19103F-16F7-4668-BE54-9A1E7A4F7556}") = "Business", "Business\Business.csproj", "{CC4AEB6B-0F17-4BD8-80F7-13653F4B7845}"
EndProject
Project("{9A19103F-16F7-4668-BE54-9A1E7A4F7556}") = "Console", "Console\Console.csproj", "{EE9C519E-BE52-4CD1-82E3-7A44843B9C13}"
EndProject
Project("{9A19103F-16F7-4668-BE54-9A1E7A4F7556}") = "Core", "Core\Core.csproj", "{56D58008-C249-48C0-9EF8-9B5C1CCD38AA}"
EndProject
Project("{FAE04EC0-301F-11D3-BF4B-00C04F79EFBC}") = "WebAPI", "WebAPI\WebAPI.csproj", "{9E450DAD-2480-4B7C-AAA8-69CBAD97008B}"
EndProject
Global
	GlobalSection(SolutionConfigurationPlatforms) = preSolution
		Debug|Any CPU = Debug|Any CPU
		Release|Any CPU = Release|Any CPU
	EndGlobalSection
	GlobalSection(ProjectConfigurationPlatforms) = postSolution
		{578FA859-2D93-47A1-91D7-753ABD84E6F8}.Debug|Any CPU.ActiveCfg = Debug|Any CPU
		{578FA859-2D93-47A1-91D7-753ABD84E6F8}.Debug|Any CPU.Build.0 = Debug|Any CPU
		{578FA859-2D93-47A1-91D7-753ABD84E6F8}.Release|Any CPU.ActiveCfg = Release|Any CPU
		{578FA859-2D93-47A1-91D7-753ABD84E6F8}.Release|Any CPU.Build.0 = Release|Any CPU
		{AFF0F81F-4C77-4BCA-96BA-1C80858EDFEF}.Debug|Any CPU.ActiveCfg = Debug|Any CPU
		{AFF0F81F-4C77-4BCA-96BA-1C80858EDFEF}.Debug|Any CPU.Build.0 = Debug|Any CPU
		{AFF0F81F-4C77-4BCA-96BA-1C80858EDFEF}.Release|Any CPU.ActiveCfg = Release|Any CPU
		{AFF0F81F-4C77-4BCA-96BA-1C80858EDFEF}.Release|Any CPU.Build.0 = Release|Any CPU
		{CC4AEB6B-0F17-4BD8-80F7-13653F4B7845}.Debug|Any CPU.ActiveCfg = Debug|Any CPU
		{CC4AEB6B-0F17-4BD8-80F7-13653F4B7845}.Debug|Any CPU.Build.0 = Debug|Any CPU
		{CC4AEB6B-0F17-4BD8-80F7-13653F4B7845}.Release|Any CPU.ActiveCfg = Release|Any CPU
		{CC4AEB6B-0F17-4BD8-80F7-13653F4B7845}.Release|Any CPU.Build.0 = Release|Any CPU
		{EE9C519E-BE52-4CD1-82E3-7A44843B9C13}.Debug|Any CPU.ActiveCfg = Debug|Any CPU
		{EE9C519E-BE52-4CD1-82E3-7A44843B9C13}.Debug|Any CPU.Build.0 = Debug|Any CPU
		{EE9C519E-BE52-4CD1-82E3-7A44843B9C13}.Release|Any CPU.ActiveCfg = Release|Any CPU
		{EE9C519E-BE52-4CD1-82E3-7A44843B9C13}.Release|Any CPU.Build.0 = Release|Any CPU
		{56D58008-C249-48C0-9EF8-9B5C1CCD38AA}.Debug|Any CPU.ActiveCfg = Debug|Any CPU
		{56D58008-C249-48C0-9EF8-9B5C1CCD38AA}.Debug|Any CPU.Build.0 = Debug|Any CPU
		{56D58008-C249-48C0-9EF8-9B5C1CCD38AA}.Release|Any CPU.ActiveCfg = Release|Any CPU
		{56D58008-C249-48C0-9EF8-9B5C1CCD38AA}.Release|Any CPU.Build.0 = Release|Any CPU
		{9E450DAD-2480-4B7C-AAA8-69CBAD97008B}.Debug|Any CPU.ActiveCfg = Debug|Any CPU
		{9E450DAD-2480-4B7C-AAA8-69CBAD97008B}.Debug|Any CPU.Build.0 = Debug|Any CPU
		{9E450DAD-2480-4B7C-AAA8-69CBAD97008B}.Release|Any CPU.ActiveCfg = Release|Any CPU
		{9E450DAD-2480-4B7C-AAA8-69CBAD97008B}.Release|Any CPU.Build.0 = Release|Any CPU
	EndGlobalSection
	GlobalSection(SolutionProperties) = preSolution
		HideSolutionNode = FALSE
	EndGlobalSection
	GlobalSection(ExtensibilityGlobals) = postSolution
		SolutionGuid = {DF367C7F-375D-4D0C-8414-B788E557D477}
	EndGlobalSection
EndGlobal
